
Microsoft Visual Studio Solution File, Format Version 12.00
# Visual Studio Version 16
VisualStudioVersion = 16.0.30413.136
MinimumVisualStudioVersion = 10.0.40219.1
Project("{FAE04EC0-301F-11D3-BF4B-00C04F79EFBC}") = "Grid_App.Android", "Grid_App\Grid_App.Android\Grid_App.Android.csproj", "{42D46FB4-18BC-4C30-8BE9-D4C327C4CFC7}"
EndProject
Project("{FAE04EC0-301F-11D3-BF4B-00C04F79EFBC}") = "Grid_App", "Grid_App\Grid_App\Grid_App.csproj", "{D359833E-8FBE-4FAA-B661-BCBFC22675F3}"
EndProject
Global
	GlobalSection(SolutionConfigurationPlatforms) = preSolution
		Debug|Any CPU = Debug|Any CPU
		Release|Any CPU = Release|Any CPU
	EndGlobalSection
	GlobalSection(ProjectConfigurationPlatforms) = postSolution
		{42D46FB4-18BC-4C30-8BE9-D4C327C4CFC7}.Debug|Any CPU.ActiveCfg = Debug|Any CPU
		{42D46FB4-18BC-4C30-8BE9-D4C327C4CFC7}.Debug|Any CPU.Build.0 = Debug|Any CPU
		{42D46FB4-18BC-4C30-8BE9-D4C327C4CFC7}.Debug|Any CPU.Deploy.0 = Debug|Any CPU
		{42D46FB4-18BC-4C30-8BE9-D4C327C4CFC7}.Release|Any CPU.ActiveCfg = Release|Any CPU
		{42D46FB4-18BC-4C30-8BE9-D4C327C4CFC7}.Release|Any CPU.Build.0 = Release|Any CPU
		{42D46FB4-18BC-4C30-8BE9-D4C327C4CFC7}.Release|Any CPU.Deploy.0 = Release|Any CPU
		{D359833E-8FBE-4FAA-B661-BCBFC22675F3}.Debug|Any CPU.ActiveCfg = Debug|Any CPU
		{D359833E-8FBE-4FAA-B661-BCBFC22675F3}.Debug|Any CPU.Build.0 = Debug|Any CPU
		{D359833E-8FBE-4FAA-B661-BCBFC22675F3}.Debug|Any CPU.Deploy.0 = Debug|Any CPU
		{D359833E-8FBE-4FAA-B661-BCBFC22675F3}.Release|Any CPU.ActiveCfg = Release|Any CPU
		{D359833E-8FBE-4FAA-B661-BCBFC22675F3}.Release|Any CPU.Build.0 = Release|Any CPU
		{D359833E-8FBE-4FAA-B661-BCBFC22675F3}.Release|Any CPU.Deploy.0 = Release|Any CPU
	EndGlobalSection
	GlobalSection(SolutionProperties) = preSolution
		HideSolutionNode = FALSE
	EndGlobalSection
	GlobalSection(ExtensibilityGlobals) = postSolution
		SolutionGuid = {7877F29E-98FB-4D5B-BFE7-C3507C883790}
	EndGlobalSection
EndGlobal
